{
  "version": 4,
  "terraform_version": "1.1.7",
  "serial": 27,
  "lineage": "84e398f3-03cf-d3d8-e893-d41c4ca16023",
  "outputs": {},
  "resources": [
    {
      "module": "module.members",
      "mode": "data",
      "type": "github_organization",
      "name": "organisation",
      "provider": "provider[\"registry.terraform.io/integrations/github\"]",
      "instances": [
        {
          "schema_version": 0,
          "attributes": {
            "description": "",
            "id": "85754400",
            "login": "personalorganisation1",
            "members": [
              "RAGHAVA998998",
              "raghavamotati",
              "ranjith240198"
            ],
            "name": "git-practice",
            "node_id": null,
            "orgname": "personalorganisation1",
            "plan": "free",
            "repositories": [
              "personalorganisation1/raghavarepo",
              "personalorganisation1/css",
              "personalorganisation1/public-1",
              "personalorganisation1/Helm_charts",
              "personalorganisation1/github-terraform",
              "personalorganisation1/dynamicBlockMethod"
            ]
          },
          "sensitive_attributes": []
        }
      ]
    },
    {
      "module": "module.teams",
      "mode": "managed",
      "type": "github_team",
      "name": "css_teams",
      "provider": "provider[\"registry.terraform.io/integrations/github\"]",
      "instances": [
        {
          "index_key": "css-admin-release",
          "schema_version": 0,
          "attributes": {
            "create_default_maintainer": false,
            "description": "Approving the change to master",
            "etag": "W/\"362c4deacfdcb375e7c57692d72b26b889518c8c95276328aad2e2505f0d2db4\"",
            "id": "6381972",
            "ldap_dn": "",
            "members_count": 0,
            "name": "css-admin-release",
            "node_id": "T_kwDOBRyCIM4AYWGU",
            "parent_team_id": null,
            "privacy": "closed",
            "slug": "css-admin-release"
          },
          "sensitive_attributes": [],
          "private": "bnVsbA=="
        },
        {
          "index_key": "css-review-finacle",
          "schema_version": 0,
          "attributes": {
            "create_default_maintainer": false,
            "description": "PR reviewer for Finacle components",
            "etag": "W/\"f5f6697fa62bd5dac7369aa3f8a6293f2ea7dd1d4c8fd298ba42e4333ce29a1f\"",
            "id": "6381971",
            "ldap_dn": "",
            "members_count": 0,
            "name": "css-review-finacle",
            "node_id": "T_kwDOBRyCIM4AYWGT",
            "parent_team_id": null,
            "privacy": "closed",
            "slug": "css-review-finacle"
          },
          "sensitive_attributes": [],
          "private": "bnVsbA=="
        },
        {
          "index_key": "ib-admin",
          "schema_version": 0,
          "attributes": {
            "create_default_maintainer": false,
            "description": "IB Acceleration Team",
            "etag": "W/\"cb7cff3074189d6cdae208b6348af58a709519dbf33749c4a30db6eb4dbbf62a\"",
            "id": "6381976",
            "ldap_dn": "",
            "members_count": 0,
            "name": "ib-admin",
            "node_id": "T_kwDOBRyCIM4AYWGY",
            "parent_team_id": null,
            "privacy": "closed",
            "slug": "ib-admin"
          },
          "sensitive_attributes": [],
          "private": "bnVsbA=="
        },
        {
          "index_key": "ib-bot",
          "schema_version": 0,
          "attributes": {
            "create_default_maintainer": false,
            "description": "Only Service Account fur automation",
            "etag": "W/\"283cf96f397ecda54ddcaefaaa9d8467327a36d38bbe710dd08a065440bfd28a\"",
            "id": "6381969",
            "ldap_dn": "",
            "members_count": 0,
            "name": "ib-bot",
            "node_id": "T_kwDOBRyCIM4AYWGR",
            "parent_team_id": null,
            "privacy": "closed",
            "slug": "ib-bot"
          },
          "sensitive_attributes": [],
          "private": "bnVsbA=="
        },
        {
          "index_key": "ib-developers",
          "schema_version": 0,
          "attributes": {
            "create_default_maintainer": false,
            "description": "IB Engineers Pool",
            "etag": "W/\"c675d4749d4bef72caac23a5452c8f331fc113facaf0a85e3dde4e4a83f2b59c\"",
            "id": "6381970",
            "ldap_dn": "",
            "members_count": 0,
            "name": "ib-developers",
            "node_id": "T_kwDOBRyCIM4AYWGS",
            "parent_team_id": null,
            "privacy": "closed",
            "slug": "ib-developers"
          },
          "sensitive_attributes": [],
          "private": "bnVsbA=="
        },
        {
          "index_key": "ib-release-lead",
          "schema_version": 0,
          "attributes": {
            "create_default_maintainer": false,
            "description": "",
            "etag": "W/\"6d1c66a7ba37a0be79be62b213faaea003216b4f361a536a89b9c58890f4aed3\"",
            "id": "6381973",
            "ldap_dn": "",
            "members_count": 0,
            "name": "ib-release-lead",
            "node_id": "T_kwDOBRyCIM4AYWGV",
            "parent_team_id": null,
            "privacy": "closed",
            "slug": "ib-release-lead"
          },
          "sensitive_attributes": [],
          "private": "bnVsbA=="
        },
        {
          "index_key": "ib-reviewer-codefresh",
          "schema_version": 0,
          "attributes": {
            "create_default_maintainer": false,
            "description": "Reviewing Codefresh changes in IB",
            "etag": "W/\"d2090a15e070e3256a446d080e0fe09a6f8edb13c243b7f7797ad3b730d99aaa\"",
            "id": "6381975",
            "ldap_dn": "",
            "members_count": 0,
            "name": "ib-reviewer-codefresh",
            "node_id": "T_kwDOBRyCIM4AYWGX",
            "parent_team_id": null,
            "privacy": "closed",
            "slug": "ib-reviewer-codefresh"
          },
          "sensitive_attributes": [],
          "private": "bnVsbA=="
        },
        {
          "index_key": "ib-reviewer-k8",
          "schema_version": 0,
          "attributes": {
            "create_default_maintainer": false,
            "description": "Reviewing K8 Changes in IB",
            "etag": "W/\"6e6da1a1b2acd77883116266560c3a88917661c54ddd1e7b33baa0b0f9dc78ba\"",
            "id": "6381974",
            "ldap_dn": "",
            "members_count": 0,
            "name": "ib-reviewer-k8",
            "node_id": "T_kwDOBRyCIM4AYWGW",
            "parent_team_id": null,
            "privacy": "closed",
            "slug": "ib-reviewer-k8"
          },
          "sensitive_attributes": [],
          "private": "bnVsbA=="
        }
      ]
    }
  ]
}
